
Microsoft Visual Studio Solution File, Format Version 12.00
# Visual Studio 14
VisualStudioVersion = 14.0.23107.0
MinimumVisualStudioVersion = 10.0.40219.1
Project("{F184B08F-C81C-45F6-A57F-5ABD9991F28F}") = "PremiumDeluxeMotorsportCarDealership3", "PremiumDeluxeMotorsportCarDealership3\PremiumDeluxeMotorsportCarDealership3.vbproj", "{4566FCA9-4D7F-4813-9ADD-76C7723B1655}"
EndProject
Global
	GlobalSection(SolutionConfigurationPlatforms) = preSolution
		Debug|Any CPU = Debug|Any CPU
		Release|Any CPU = Release|Any CPU
	EndGlobalSection
	GlobalSection(ProjectConfigurationPlatforms) = postSolution
		{4566FCA9-4D7F-4813-9ADD-76C7723B1655}.Debug|Any CPU.ActiveCfg = Debug|Any CPU
		{4566FCA9-4D7F-4813-9ADD-76C7723B1655}.Debug|Any CPU.Build.0 = Debug|Any CPU
		{4566FCA9-4D7F-4813-9ADD-76C7723B1655}.Release|Any CPU.ActiveCfg = Release|Any CPU
		{4566FCA9-4D7F-4813-9ADD-76C7723B1655}.Release|Any CPU.Build.0 = Release|Any CPU
	EndGlobalSection
	GlobalSection(SolutionProperties) = preSolution
		HideSolutionNode = FALSE
	EndGlobalSection
EndGlobal
